{
  "name": "meta-ads-mcp",
  "version": "1.0.0",
  "lockfileVersion": 3,
  "requires": true,
  "packages": {
    "": {
      "name": "meta-ads-mcp",
      "version": "1.0.0",
      "license": "ISC",
      "dependencies": {
        "@cloudflare/containers": "^0.2.0"
      }
    },
    "node_modules/@cloudflare/containers": {
      "version": "0.2.0",
      "resolved": "https://registry.npmjs.org/@cloudflare/containers/-/containers-0.2.0.tgz",
      "integrity": "sha512-npxGQCHKx5grXnzAHHVAlg6FbyrH07v3COHxXniq7qWfqqIxD64Vrp7Jy9iCPkZamTRfXr0E4Pi0tRIY10Dq9w==",
      "license": "ISC"
    }
  }
}
